
Microsoft Visual Studio Solution File, Format Version 12.00
# Visual Studio Version 16
VisualStudioVersion = 16.0.28803.202
MinimumVisualStudioVersion = 10.0.40219.1
Project("{FAE04EC0-301F-11D3-BF4B-00C04F79EFBC}") = "WebScanner-api-auth.App", "src\WebScanner-api-auth.App\WebScanner-api-auth.App.csproj", "{A8C1641D-F5A5-4319-996A-F9B651431C9A}"
EndProject
Project("{FAE04EC0-301F-11D3-BF4B-00C04F79EFBC}") = "WebScanner-api-auth.Infrastructure", "src\WebScanner-api-auth.Infrastructure\WebScanner-api-auth.Infrastructure.csproj", "{5071DE58-C975-4F7B-969E-A41BFCDE2F2B}"
EndProject
Project("{FAE04EC0-301F-11D3-BF4B-00C04F79EFBC}") = "WebScanner-api-auth.Domain", "src\WebScanner-api-auth.Domain\WebScanner-api-auth.Domain.csproj", "{9A752FA2-DD7E-45DB-9AD4-5B8910326EFB}"
EndProject
Global
	GlobalSection(SolutionConfigurationPlatforms) = preSolution
		Debug|Any CPU = Debug|Any CPU
		Release|Any CPU = Release|Any CPU
	EndGlobalSection
	GlobalSection(ProjectConfigurationPlatforms) = postSolution
		{A8C1641D-F5A5-4319-996A-F9B651431C9A}.Debug|Any CPU.ActiveCfg = Debug|Any CPU
		{A8C1641D-F5A5-4319-996A-F9B651431C9A}.Debug|Any CPU.Build.0 = Debug|Any CPU
		{A8C1641D-F5A5-4319-996A-F9B651431C9A}.Release|Any CPU.ActiveCfg = Release|Any CPU
		{A8C1641D-F5A5-4319-996A-F9B651431C9A}.Release|Any CPU.Build.0 = Release|Any CPU
		{5071DE58-C975-4F7B-969E-A41BFCDE2F2B}.Debug|Any CPU.ActiveCfg = Debug|Any CPU
		{5071DE58-C975-4F7B-969E-A41BFCDE2F2B}.Debug|Any CPU.Build.0 = Debug|Any CPU
		{5071DE58-C975-4F7B-969E-A41BFCDE2F2B}.Release|Any CPU.ActiveCfg = Release|Any CPU
		{5071DE58-C975-4F7B-969E-A41BFCDE2F2B}.Release|Any CPU.Build.0 = Release|Any CPU
		{9A752FA2-DD7E-45DB-9AD4-5B8910326EFB}.Debug|Any CPU.ActiveCfg = Debug|Any CPU
		{9A752FA2-DD7E-45DB-9AD4-5B8910326EFB}.Debug|Any CPU.Build.0 = Debug|Any CPU
		{9A752FA2-DD7E-45DB-9AD4-5B8910326EFB}.Release|Any CPU.ActiveCfg = Release|Any CPU
		{9A752FA2-DD7E-45DB-9AD4-5B8910326EFB}.Release|Any CPU.Build.0 = Release|Any CPU
	EndGlobalSection
	GlobalSection(SolutionProperties) = preSolution
		HideSolutionNode = FALSE
	EndGlobalSection
	GlobalSection(ExtensibilityGlobals) = postSolution
		SolutionGuid = {D03B07DB-1CCD-4834-B862-0F9C3935F54C}
	EndGlobalSection
EndGlobal
